
Microsoft Visual Studio Solution File, Format Version 12.00
# Visual Studio Version 16
VisualStudioVersion = 16.0.31019.35
MinimumVisualStudioVersion = 10.0.40219.1
Project("{FAE04EC0-301F-11D3-BF4B-00C04F79EFBC}") = "SharpCondition", "SharpCondition\SharpCondition.csproj", "{9B8F76BB-5C30-40DB-9B02-31CEAA917E9E}"
EndProject
Project("{FAE04EC0-301F-11D3-BF4B-00C04F79EFBC}") = "TestApp", "TestApp\TestApp.csproj", "{89DFD81D-137D-4D97-BB5A-4EA69565E8D8}"
EndProject
Global
	GlobalSection(SolutionConfigurationPlatforms) = preSolution
		Debug|Any CPU = Debug|Any CPU
		Release|Any CPU = Release|Any CPU
	EndGlobalSection
	GlobalSection(ProjectConfigurationPlatforms) = postSolution
		{9B8F76BB-5C30-40DB-9B02-31CEAA917E9E}.Debug|Any CPU.ActiveCfg = Debug|Any CPU
		{9B8F76BB-5C30-40DB-9B02-31CEAA917E9E}.Debug|Any CPU.Build.0 = Debug|Any CPU
		{9B8F76BB-5C30-40DB-9B02-31CEAA917E9E}.Release|Any CPU.ActiveCfg = Release|Any CPU
		{9B8F76BB-5C30-40DB-9B02-31CEAA917E9E}.Release|Any CPU.Build.0 = Release|Any CPU
		{89DFD81D-137D-4D97-BB5A-4EA69565E8D8}.Debug|Any CPU.ActiveCfg = Debug|Any CPU
		{89DFD81D-137D-4D97-BB5A-4EA69565E8D8}.Debug|Any CPU.Build.0 = Debug|Any CPU
		{89DFD81D-137D-4D97-BB5A-4EA69565E8D8}.Release|Any CPU.ActiveCfg = Release|Any CPU
		{89DFD81D-137D-4D97-BB5A-4EA69565E8D8}.Release|Any CPU.Build.0 = Release|Any CPU
	EndGlobalSection
	GlobalSection(SolutionProperties) = preSolution
		HideSolutionNode = FALSE
	EndGlobalSection
	GlobalSection(ExtensibilityGlobals) = postSolution
		SolutionGuid = {BFA1E6E3-6A03-4BCE-8836-CC8B0E375BCE}
	EndGlobalSection
EndGlobal
